// !$*UTF8*$!
{
	archiveVersion = 1;
	classes = {
	};
	objectVersion = 50;
	objects = {

/* Begin PBXBuildFile section */
		6626E0522599D3D400B2EA5C /* Spanning.swift in Sources */ = {isa = PBXBuildFile; fileRef = 6626E0512599D3D400B2EA5C /* Spanning.swift */; };
		6626E0552599F72600B2EA5C /* PaletteChooser.swift in Sources */ = {isa = PBXBuildFile; fileRef = 6626E0542599F72600B2EA5C /* PaletteChooser.swift */; };
		6626E059259ABB5900B2EA5C /* EmojiArtDocumentPalette.swift in Sources */ = {isa = PBXBuildFile; fileRef = 6626E058259ABB5900B2EA5C /* EmojiArtDocumentPalette.swift */; };
		6626E05C259AE16B00B2EA5C /* Grid.swift in Sources */ = {isa = PBXBuildFile; fileRef = 6626E05B259AE16B00B2EA5C /* Grid.swift */; };
		6626E05F259AE17700B2EA5C /* GridLayout.swift in Sources */ = {isa = PBXBuildFile; fileRef = 6626E05E259AE17700B2EA5C /* GridLayout.swift */; };
		6626E062259B11DB00B2EA5C /* EditableText.swift in Sources */ = {isa = PBXBuildFile; fileRef = 6626E061259B11DB00B2EA5C /* EditableText.swift */; };
		6626E065259B11EE00B2EA5C /* EmojiArtDocumentStore.swift in Sources */ = {isa = PBXBuildFile; fileRef = 6626E064259B11EE00B2EA5C /* EmojiArtDocumentStore.swift */; };
		6630ADFB2594D03A005E5428 /* AnimatableSystemFontModifier.swift in Sources */ = {isa = PBXBuildFile; fileRef = 6630ADFA2594D03A005E5428 /* AnimatableSystemFontModifier.swift */; };
		66E872B82592DEC5002F3B70 /* EmojiArtApp.swift in Sources */ = {isa = PBXBuildFile; fileRef = 66E872B72592DEC5002F3B70 /* EmojiArtApp.swift */; };
		66E872BA2592DEC5002F3B70 /* EmojiArtDocumentView.swift in Sources */ = {isa = PBXBuildFile; fileRef = 66E872B92592DEC5002F3B70 /* EmojiArtDocumentView.swift */; };
		66E872BC2592DEC8002F3B70 /* Assets.xcassets in Resources */ = {isa = PBXBuildFile; fileRef = 66E872BB2592DEC8002F3B70 /* Assets.xcassets */; };
		66E872BF2592DEC8002F3B70 /* Preview Assets.xcassets in Resources */ = {isa = PBXBuildFile; fileRef = 66E872BE2592DEC8002F3B70 /* Preview Assets.xcassets */; };
		66E872C82592DF25002F3B70 /* EmojiArtDocument.swift in Sources */ = {isa = PBXBuildFile; fileRef = 66E872C72592DF25002F3B70 /* EmojiArtDocument.swift */; };
		66E872CC2592F312002F3B70 /* EmojiArt.swift in Sources */ = {isa = PBXBuildFile; fileRef = 66E872CB2592F312002F3B70 /* EmojiArt.swift */; };
		66E872CF25932012002F3B70 /* EmojiArtExtensions.swift in Sources */ = {isa = PBXBuildFile; fileRef = 66E872CE25932012002F3B70 /* EmojiArtExtensions.swift */; };
		66E872D42594B835002F3B70 /* OptionalImage.swift in Sources */ = {isa = PBXBuildFile; fileRef = 66E872D32594B835002F3B70 /* OptionalImage.swift */; };
/* End PBXBuildFile section */

/* Begin PBXFileReference section */
		6626E0512599D3D400B2EA5C /* Spanning.swift */ = {isa = PBXFileReference; lastKnownFileType = sourcecode.swift; path = Spanning.swift; sourceTree = "<group>"; };
		6626E0542599F72600B2EA5C /* PaletteChooser.swift */ = {isa = PBXFileReference; lastKnownFileType = sourcecode.swift; path = PaletteChooser.swift; sourceTree = "<group>"; };
		6626E058259ABB5900B2EA5C /* EmojiArtDocumentPalette.swift */ = {isa = PBXFileReference; fileEncoding = 4; lastKnownFileType = sourcecode.swift; name = EmojiArtDocumentPalette.swift; path = ../../../Downloads/EmojiArtDocumentPalette.swift; sourceTree = "<group>"; };
		6626E05B259AE16B00B2EA5C /* Grid.swift */ = {isa = PBXFileReference; fileEncoding = 4; lastKnownFileType = sourcecode.swift; path = Grid.swift; sourceTree = "<group>"; };
		6626E05E259AE17700B2EA5C /* GridLayout.swift */ = {isa = PBXFileReference; fileEncoding = 4; lastKnownFileType = sourcecode.swift; path = GridLayout.swift; sourceTree = "<group>"; };
		6626E061259B11DB00B2EA5C /* EditableText.swift */ = {isa = PBXFileReference; fileEncoding = 4; lastKnownFileType = sourcecode.swift; path = EditableText.swift; sourceTree = "<group>"; };
		6626E064259B11EE00B2EA5C /* EmojiArtDocumentStore.swift */ = {isa = PBXFileReference; fileEncoding = 4; lastKnownFileType = sourcecode.swift; path = EmojiArtDocumentStore.swift; sourceTree = "<group>"; };
		6630ADFA2594D03A005E5428 /* AnimatableSystemFontModifier.swift */ = {isa = PBXFileReference; lastKnownFileType = sourcecode.swift; path = AnimatableSystemFontModifier.swift; sourceTree = "<group>"; };
		66E872B42592DEC5002F3B70 /* EmojiArt.app */ = {isa = PBXFileReference; explicitFileType = wrapper.application; includeInIndex = 0; path = EmojiArt.app; sourceTree = BUILT_PRODUCTS_DIR; };
		66E872B72592DEC5002F3B70 /* EmojiArtApp.swift */ = {isa = PBXFileReference; lastKnownFileType = sourcecode.swift; path = EmojiArtApp.swift; sourceTree = "<group>"; };
		66E872B92592DEC5002F3B70 /* EmojiArtDocumentView.swift */ = {isa = PBXFileReference; lastKnownFileType = sourcecode.swift; path = EmojiArtDocumentView.swift; sourceTree = "<group>"; };
		66E872BB2592DEC8002F3B70 /* Assets.xcassets */ = {isa = PBXFileReference; lastKnownFileType = folder.assetcatalog; path = Assets.xcassets; sourceTree = "<group>"; };
		66E872BE2592DEC8002F3B70 /* Preview Assets.xcassets */ = {isa = PBXFileReference; lastKnownFileType = folder.assetcatalog; path = "Preview Assets.xcassets"; sourceTree = "<group>"; };
		66E872C02592DEC8002F3B70 /* Info.plist */ = {isa = PBXFileReference; lastKnownFileType = text.plist.xml; path = Info.plist; sourceTree = "<group>"; };
		66E872C72592DF25002F3B70 /* EmojiArtDocument.swift */ = {isa = PBXFileReference; lastKnownFileType = sourcecode.swift; path = EmojiArtDocument.swift; sourceTree = "<group>"; };
		66E872CB2592F312002F3B70 /* EmojiArt.swift */ = {isa = PBXFileReference; lastKnownFileType = sourcecode.swift; path = EmojiArt.swift; sourceTree = "<group>"; };
		66E872CE25932012002F3B70 /* EmojiArtExtensions.swift */ = {isa = PBXFileReference; lastKnownFileType = sourcecode.swift; path = EmojiArtExtensions.swift; sourceTree = "<group>"; };
		66E872D32594B835002F3B70 /* OptionalImage.swift */ = {isa = PBXFileReference; lastKnownFileType = sourcecode.swift; path = OptionalImage.swift; sourceTree = "<group>"; };
/* End PBXFileReference section */

/* Begin PBXFrameworksBuildPhase section */
		66E872B12592DEC5002F3B70 /* Frameworks */ = {
			isa = PBXFrameworksBuildPhase;
			buildActionMask = 2147483647;
			files = (
			);
			runOnlyForDeploymentPostprocessing = 0;
		};
/* End PBXFrameworksBuildPhase section */

/* Begin PBXGroup section */
		66E872AB2592DEC5002F3B70 = {
			isa = PBXGroup;
			children = (
				66E872B62592DEC5002F3B70 /* EmojiArt */,
				66E872B52592DEC5002F3B70 /* Products */,
			);
			sourceTree = "<group>";
		};
		66E872B52592DEC5002F3B70 /* Products */ = {
			isa = PBXGroup;
			children = (
				66E872B42592DEC5002F3B70 /* EmojiArt.app */,
			);
			name = Products;
			sourceTree = "<group>";
		};
		66E872B62592DEC5002F3B70 /* EmojiArt */ = {
			isa = PBXGroup;
			children = (
				6626E064259B11EE00B2EA5C /* EmojiArtDocumentStore.swift */,
				6626E061259B11DB00B2EA5C /* EditableText.swift */,
				6626E05E259AE17700B2EA5C /* GridLayout.swift */,
				6626E05B259AE16B00B2EA5C /* Grid.swift */,
				66E872B92592DEC5002F3B70 /* EmojiArtDocumentView.swift */,
				6626E0512599D3D400B2EA5C /* Spanning.swift */,
				66E872D32594B835002F3B70 /* OptionalImage.swift */,
				6630ADFA2594D03A005E5428 /* AnimatableSystemFontModifier.swift */,
				66E872CB2592F312002F3B70 /* EmojiArt.swift */,
				6626E058259ABB5900B2EA5C /* EmojiArtDocumentPalette.swift */,
				66E872CE25932012002F3B70 /* EmojiArtExtensions.swift */,
				66E872C72592DF25002F3B70 /* EmojiArtDocument.swift */,
				6626E0542599F72600B2EA5C /* PaletteChooser.swift */,
				66E872B72592DEC5002F3B70 /* EmojiArtApp.swift */,
				66E872BB2592DEC8002F3B70 /* Assets.xcassets */,
				66E872C02592DEC8002F3B70 /* Info.plist */,
				66E872BD2592DEC8002F3B70 /* Preview Content */,
			);
			path = EmojiArt;
			sourceTree = "<group>";
		};
		66E872BD2592DEC8002F3B70 /* Preview Content */ = {
			isa = PBXGroup;
			children = (
				66E872BE2592DEC8002F3B70 /* Preview Assets.xcassets */,
			);
			path = "Preview Content";
			sourceTree = "<group>";
		};
/* End PBXGroup section */

/* Begin PBXNativeTarget section */
		66E872B32592DEC5002F3B70 /* EmojiArt */ = {
			isa = PBXNativeTarget;
			buildConfigurationList = 66E872C32592DEC8002F3B70 /* Build configuration list for PBXNativeTarget "EmojiArt" */;
			buildPhases = (
				66E872B02592DEC5002F3B70 /* Sources */,
				66E872B12592DEC5002F3B70 /* Frameworks */,
				66E872B22592DEC5002F3B70 /* Resources */,
			);
			buildRules = (
			);
			dependencies = (
			);
			name = EmojiArt;
			productName = EmojiArt;
			productReference = 66E872B42592DEC5002F3B70 /* EmojiArt.app */;
			productType = "com.apple.product-type.application";
		};
/* End PBXNativeTarget section */

/* Begin PBXProject section */
		66E872AC2592DEC5002F3B70 /* Project object */ = {
			isa = PBXProject;
			attributes = {
				LastSwiftUpdateCheck = 1220;
				LastUpgradeCheck = 1220;
				TargetAttributes = {
					66E872B32592DEC5002F3B70 = {
						CreatedOnToolsVersion = 12.2;
					};
				};
			};
			buildConfigurationList = 66E872AF2592DEC5002F3B70 /* Build configuration list for PBXProject "EmojiArt" */;
			compatibilityVersion = "Xcode 9.3";
			developmentRegion = en;
			hasScannedForEncodings = 0;
			knownRegions = (
				en,
				Base,
			);
			mainGroup = 66E872AB2592DEC5002F3B70;
			productRefGroup = 66E872B52592DEC5002F3B70 /* Products */;
			projectDirPath = "";
			projectRoot = "";
			targets = (
				66E872B32592DEC5002F3B70 /* EmojiArt */,
			);
		};
/* End PBXProject section */

/* Begin PBXResourcesBuildPhase section */
		66E872B22592DEC5002F3B70 /* Resources */ = {
			isa = PBXResourcesBuildPhase;
			buildActionMask = 2147483647;
			files = (
				66E872BF2592DEC8002F3B70 /* Preview Assets.xcassets in Resources */,
				66E872BC2592DEC8002F3B70 /* Assets.xcassets in Resources */,
			);
			runOnlyForDeploymentPostprocessing = 0;
		};
/* End PBXResourcesBuildPhase section */

/* Begin PBXSourcesBuildPhase section */
		66E872B02592DEC5002F3B70 /* Sources */ = {
			isa = PBXSourcesBuildPhase;
			buildActionMask = 2147483647;
			files = (
				6630ADFB2594D03A005E5428 /* AnimatableSystemFontModifier.swift in Sources */,
				66E872CC2592F312002F3B70 /* EmojiArt.swift in Sources */,
				66E872CF25932012002F3B70 /* EmojiArtExtensions.swift in Sources */,
				6626E05F259AE17700B2EA5C /* GridLayout.swift in Sources */,
				66E872BA2592DEC5002F3B70 /* EmojiArtDocumentView.swift in Sources */,
				6626E062259B11DB00B2EA5C /* EditableText.swift in Sources */,
				6626E05C259AE16B00B2EA5C /* Grid.swift in Sources */,
				66E872D42594B835002F3B70 /* OptionalImage.swift in Sources */,
				6626E059259ABB5900B2EA5C /* EmojiArtDocumentPalette.swift in Sources */,
				6626E065259B11EE00B2EA5C /* EmojiArtDocumentStore.swift in Sources */,
				66E872C82592DF25002F3B70 /* EmojiArtDocument.swift in Sources */,
				66E872B82592DEC5002F3B70 /* EmojiArtApp.swift in Sources */,
				6626E0522599D3D400B2EA5C /* Spanning.swift in Sources */,
				6626E0552599F72600B2EA5C /* PaletteChooser.swift in Sources */,
			);
			runOnlyForDeploymentPostprocessing = 0;
		};
/* End PBXSourcesBuildPhase section */

/* Begin XCBuildConfiguration section */
		66E872C12592DEC8002F3B70 /* Debug */ = {
			isa = XCBuildConfiguration;
			buildSettings = {
				ALWAYS_SEARCH_USER_PATHS = NO;
				CLANG_ANALYZER_NONNULL = YES;
				CLANG_ANALYZER_NUMBER_OBJECT_CONVERSION = YES_AGGRESSIVE;
				CLANG_CXX_LANGUAGE_STANDARD = "gnu++14";
				CLANG_CXX_LIBRARY = "libc++";
				CLANG_ENABLE_MODULES = YES;
				CLANG_ENABLE_OBJC_ARC = YES;
				CLANG_ENABLE_OBJC_WEAK = YES;
				CLANG_WARN_BLOCK_CAPTURE_AUTORELEASING = YES;
				CLANG_WARN_BOOL_CONVERSION = YES;
				CLANG_WARN_COMMA = YES;
				CLANG_WARN_CONSTANT_CONVERSION = YES;
				CLANG_WARN_DEPRECATED_OBJC_IMPLEMENTATIONS = YES;
				CLANG_WARN_DIRECT_OBJC_ISA_USAGE = YES_ERROR;
				CLANG_WARN_DOCUMENTATION_COMMENTS = YES;
				CLANG_WARN_EMPTY_BODY = YES;
				CLANG_WARN_ENUM_CONVERSION = YES;
				CLANG_WARN_INFINITE_RECURSION = YES;
				CLANG_WARN_INT_CONVERSION = YES;
				CLANG_WARN_NON_LITERAL_NULL_CONVERSION = YES;
				CLANG_WARN_OBJC_IMPLICIT_RETAIN_SELF = YES;
				CLANG_WARN_OBJC_LITERAL_CONVERSION = YES;
				CLANG_WARN_OBJC_ROOT_CLASS = YES_ERROR;
				CLANG_WARN_QUOTED_INCLUDE_IN_FRAMEWORK_HEADER = YES;
				CLANG_WARN_RANGE_LOOP_ANALYSIS = YES;
				CLANG_WARN_STRICT_PROTOTYPES = YES;
				CLANG_WARN_SUSPICIOUS_MOVE = YES;
				CLANG_WARN_UNGUARDED_AVAILABILITY = YES_AGGRESSIVE;
				CLANG_WARN_UNREACHABLE_CODE = YES;
				CLANG_WARN__DUPLICATE_METHOD_MATCH = YES;
				COPY_PHASE_STRIP = NO;
				DEBUG_INFORMATION_FORMAT = dwarf;
				ENABLE_STRICT_OBJC_MSGSEND = YES;
				ENABLE_TESTABILITY = YES;
				GCC_C_LANGUAGE_STANDARD = gnu11;
				GCC_DYNAMIC_NO_PIC = NO;
				GCC_NO_COMMON_BLOCKS = YES;
				GCC_OPTIMIZATION_LEVEL = 0;
				GCC_PREPROCESSOR_DEFINITIONS = (
					"DEBUG=1",
					"$(inherited)",
				);
				GCC_WARN_64_TO_32_BIT_CONVERSION = YES;
				GCC_WARN_ABOUT_RETURN_TYPE = YES_ERROR;
				GCC_WARN_UNDECLARED_SELECTOR = YES;
				GCC_WARN_UNINITIALIZED_AUTOS = YES_AGGRESSIVE;
				GCC_WARN_UNUSED_FUNCTION = YES;
				GCC_WARN_UNUSED_VARIABLE = YES;
				IPHONEOS_DEPLOYMENT_TARGET = 14.2;
				MTL_ENABLE_DEBUG_INFO = INCLUDE_SOURCE;
				MTL_FAST_MATH = YES;
				ONLY_ACTIVE_ARCH = YES;
				SDKROOT = iphoneos;
				SWIFT_ACTIVE_COMPILATION_CONDITIONS = DEBUG;
				SWIFT_OPTIMIZATION_LEVEL = "-Onone";
			};
			name = Debug;
		};
		66E872C22592DEC8002F3B70 /* Release */ = {
			isa = XCBuildConfiguration;
			buildSettings = {
				ALWAYS_SEARCH_USER_PATHS = NO;
				CLANG_ANALYZER_NONNULL = YES;
				CLANG_ANALYZER_NUMBER_OBJECT_CONVERSION = YES_AGGRESSIVE;
				CLANG_CXX_LANGUAGE_STANDARD = "gnu++14";
				CLANG_CXX_LIBRARY = "libc++";
				CLANG_ENABLE_MODULES = YES;
				CLANG_ENABLE_OBJC_ARC = YES;
				CLANG_ENABLE_OBJC_WEAK = YES;
				CLANG_WARN_BLOCK_CAPTURE_AUTORELEASING = YES;
				CLANG_WARN_BOOL_CONVERSION = YES;
				CLANG_WARN_COMMA = YES;
				CLANG_WARN_CONSTANT_CONVERSION = YES;
				CLANG_WARN_DEPRECATED_OBJC_IMPLEMENTATIONS = YES;
				CLANG_WARN_DIRECT_OBJC_ISA_USAGE = YES_ERROR;
				CLANG_WARN_DOCUMENTATION_COMMENTS = YES;
				CLANG_WARN_EMPTY_BODY = YES;
				CLANG_WARN_ENUM_CONVERSION = YES;
				CLANG_WARN_INFINITE_RECURSION = YES;
				CLANG_WARN_INT_CONVERSION = YES;
				CLANG_WARN_NON_LITERAL_NULL_CONVERSION = YES;
				CLANG_WARN_OBJC_IMPLICIT_RETAIN_SELF = YES;
				CLANG_WARN_OBJC_LITERAL_CONVERSION = YES;
				CLANG_WARN_OBJC_ROOT_CLASS = YES_ERROR;
				CLANG_WARN_QUOTED_INCLUDE_IN_FRAMEWORK_HEADER = YES;
				CLANG_WARN_RANGE_LOOP_ANALYSIS = YES;
				CLANG_WARN_STRICT_PROTOTYPES = YES;
				CLANG_WARN_SUSPICIOUS_MOVE = YES;
				CLANG_WARN_UNGUARDED_AVAILABILITY = YES_AGGRESSIVE;
				CLANG_WARN_UNREACHABLE_CODE = YES;
				CLANG_WARN__DUPLICATE_METHOD_MATCH = YES;
				COPY_PHASE_STRIP = NO;
				DEBUG_INFORMATION_FORMAT = "dwarf-with-dsym";
				ENABLE_NS_ASSERTIONS = NO;
				ENABLE_STRICT_OBJC_MSGSEND = YES;
				GCC_C_LANGUAGE_STANDARD = gnu11;
				GCC_NO_COMMON_BLOCKS = YES;
				GCC_WARN_64_TO_32_BIT_CONVERSION = YES;
				GCC_WARN_ABOUT_RETURN_TYPE = YES_ERROR;
				GCC_WARN_UNDECLARED_SELECTOR = YES;
				GCC_WARN_UNINITIALIZED_AUTOS = YES_AGGRESSIVE;
				GCC_WARN_UNUSED_FUNCTION = YES;
				GCC_WARN_UNUSED_VARIABLE = YES;
				IPHONEOS_DEPLOYMENT_TARGET = 14.2;
				MTL_ENABLE_DEBUG_INFO = NO;
				MTL_FAST_MATH = YES;
				SDKROOT = iphoneos;
				SWIFT_COMPILATION_MODE = wholemodule;
				SWIFT_OPTIMIZATION_LEVEL = "-O";
				VALIDATE_PRODUCT = YES;
			};
			name = Release;
		};
		66E872C42592DEC8002F3B70 /* Debug */ = {
			isa = XCBuildConfiguration;
			buildSettings = {
				ASSETCATALOG_COMPILER_APPICON_NAME = AppIcon;
				ASSETCATALOG_COMPILER_GLOBAL_ACCENT_COLOR_NAME = AccentColor;
				CODE_SIGN_STYLE = Automatic;
				DEVELOPMENT_ASSET_PATHS = "\"EmojiArt/Preview Content\"";
				ENABLE_PREVIEWS = YES;
				INFOPLIST_FILE = EmojiArt/Info.plist;
				IPHONEOS_DEPLOYMENT_TARGET = 14.0;
				LD_RUNPATH_SEARCH_PATHS = (
					"$(inherited)",
					"@executable_path/Frameworks",
				);
				PRODUCT_BUNDLE_IDENTIFIER = Austin.EmojiArt;
				PRODUCT_NAME = "$(TARGET_NAME)";
				SWIFT_VERSION = 5.0;
				TARGETED_DEVICE_FAMILY = "1,2";
			};
			name = Debug;
		};
		66E872C52592DEC8002F3B70 /* Release */ = {
			isa = XCBuildConfiguration;
			buildSettings = {
				ASSETCATALOG_COMPILER_APPICON_NAME = AppIcon;
				ASSETCATALOG_COMPILER_GLOBAL_ACCENT_COLOR_NAME = AccentColor;
				CODE_SIGN_STYLE = Automatic;
				DEVELOPMENT_ASSET_PATHS = "\"EmojiArt/Preview Content\"";
				ENABLE_PREVIEWS = YES;
				INFOPLIST_FILE = EmojiArt/Info.plist;
				IPHONEOS_DEPLOYMENT_TARGET = 14.0;
				LD_RUNPATH_SEARCH_PATHS = (
					"$(inherited)",
					"@executable_path/Frameworks",
				);
				PRODUCT_BUNDLE_IDENTIFIER = Austin.EmojiArt;
				PRODUCT_NAME = "$(TARGET_NAME)";
				SWIFT_VERSION = 5.0;
				TARGETED_DEVICE_FAMILY = "1,2";
			};
			name = Release;
		};
/* End XCBuildConfiguration section */

/* Begin XCConfigurationList section */
		66E872AF2592DEC5002F3B70 /* Build configuration list for PBXProject "EmojiArt" */ = {
			isa = XCConfigurationList;
			buildConfigurations = (
				66E872C12592DEC8002F3B70 /* Debug */,
				66E872C22592DEC8002F3B70 /* Release */,
			);
			defaultConfigurationIsVisible = 0;
			defaultConfigurationName = Release;
		};
		66E872C32592DEC8002F3B70 /* Build configuration list for PBXNativeTarget "EmojiArt" */ = {
			isa = XCConfigurationList;
			buildConfigurations = (
				66E872C42592DEC8002F3B70 /* Debug */,
				66E872C52592DEC8002F3B70 /* Release */,
			);
			defaultConfigurationIsVisible = 0;
			defaultConfigurationName = Release;
		};
/* End XCConfigurationList section */
	};
	rootObject = 66E872AC2592DEC5002F3B70 /* Project object */;
}
